lockfileVersion: '9.0'

settings:
  autoInstallPeers: true
  excludeLinksFromLockfile: false

importers:

  .:
    dependencies:
      '@antora-supplemental/triage-ux-kit':
        specifier: github:antora-supplemental/triage-ux-kit#v0.1.0
        version: https://codeload.github.com/antora-supplemental/triage-ux-kit/tar.gz/4b7888d2f18048e68e1176c9aca4abf7aa4bac40

packages:

  '@antora-supplemental/triage-ux-kit@https://codeload.github.com/antora-supplemental/triage-ux-kit/tar.gz/4b7888d2f18048e68e1176c9aca4abf7aa4bac40':
    resolution: {tarball: https://codeload.github.com/antora-supplemental/triage-ux-kit/tar.gz/4b7888d2f18048e68e1176c9aca4abf7aa4bac40}
    version: 0.1.0
    engines: {node: '>=18'}

snapshots:

  '@antora-supplemental/triage-ux-kit@https://codeload.github.com/antora-supplemental/triage-ux-kit/tar.gz/4b7888d2f18048e68e1176c9aca4abf7aa4bac40': {}
